
Microsoft Visual Studio Solution File, Format Version 12.00
# Visual Studio Version 16
VisualStudioVersion = 16.0.30114.105
MinimumVisualStudioVersion = 10.0.40219.1
Project("{2150E333-8FDC-42A3-9474-1A3956D46DE8}") = "src", "src", "{D384B031-8906-4B3A-A8BA-E1D94C053E02}"
EndProject
Project("{2150E333-8FDC-42A3-9474-1A3956D46DE8}") = "Core", "Core", "{A464896D-D867-4F47-A56B-B452B8F2424F}"
EndProject
Project("{2150E333-8FDC-42A3-9474-1A3956D46DE8}") = "Infrastructure", "Infrastructure", "{AE64BB56-FE21-412B-9314-F0A7845B033F}"
EndProject
Project("{2150E333-8FDC-42A3-9474-1A3956D46DE8}") = "Presentation", "Presentation", "{D72E16C3-B6F1-469D-8FF5-4E229AFAF934}"
EndProject
Project("{FAE04EC0-301F-11D3-BF4B-00C04F79EFBC}") = "Application", "Application\Application.csproj", "{1FD7DBDF-B660-4388-BE70-FFBEE1EB3036}"
EndProject
Project("{FAE04EC0-301F-11D3-BF4B-00C04F79EFBC}") = "Domain", "Domain\Domain.csproj", "{08AA2240-7FA3-4390-A41B-A6767EA293CF}"
EndProject
Project("{FAE04EC0-301F-11D3-BF4B-00C04F79EFBC}") = "Gateway", "Gateway\Gateway.csproj", "{1D59782F-6ED8-421E-94B5-2E4CF372FB98}"
EndProject
Project("{FAE04EC0-301F-11D3-BF4B-00C04F79EFBC}") = "IOC", "IOC\IOC.csproj", "{5CDEE585-B09B-4392-83AC-35BB8B58602B}"
EndProject
Project("{FAE04EC0-301F-11D3-BF4B-00C04F79EFBC}") = "WebApi", "WebApi\WebApi.csproj", "{06948C46-EB62-440B-88B9-D0E51A8C2808}"
EndProject
Project("{FAE04EC0-301F-11D3-BF4B-00C04F79EFBC}") = "Persistence", "Persistence\Persistence.csproj", "{0B502FAA-7BE4-4563-AC01-964BC9C1A161}"
EndProject
Global
	GlobalSection(SolutionConfigurationPlatforms) = preSolution
		Debug|Any CPU = Debug|Any CPU
		Release|Any CPU = Release|Any CPU
	EndGlobalSection
	GlobalSection(SolutionProperties) = preSolution
		HideSolutionNode = FALSE
	EndGlobalSection
	GlobalSection(NestedProjects) = preSolution
		{0B502FAA-7BE4-4563-AC01-964BC9C1A161} = {AE64BB56-FE21-412B-9314-F0A7845B033F}
		{06948C46-EB62-440B-88B9-D0E51A8C2808} = {D72E16C3-B6F1-469D-8FF5-4E229AFAF934}
		{5CDEE585-B09B-4392-83AC-35BB8B58602B} = {AE64BB56-FE21-412B-9314-F0A7845B033F}
		{1D59782F-6ED8-421E-94B5-2E4CF372FB98} = {AE64BB56-FE21-412B-9314-F0A7845B033F}
		{08AA2240-7FA3-4390-A41B-A6767EA293CF} = {A464896D-D867-4F47-A56B-B452B8F2424F}
		{1FD7DBDF-B660-4388-BE70-FFBEE1EB3036} = {A464896D-D867-4F47-A56B-B452B8F2424F}
		{D72E16C3-B6F1-469D-8FF5-4E229AFAF934} = {D384B031-8906-4B3A-A8BA-E1D94C053E02}
		{AE64BB56-FE21-412B-9314-F0A7845B033F} = {D384B031-8906-4B3A-A8BA-E1D94C053E02}
		{A464896D-D867-4F47-A56B-B452B8F2424F} = {D384B031-8906-4B3A-A8BA-E1D94C053E02}
	EndGlobalSection
	GlobalSection(ProjectConfigurationPlatforms) = postSolution
		{1FD7DBDF-B660-4388-BE70-FFBEE1EB3036}.Debug|Any CPU.ActiveCfg = Debug|Any CPU
		{1FD7DBDF-B660-4388-BE70-FFBEE1EB3036}.Debug|Any CPU.Build.0 = Debug|Any CPU
		{1FD7DBDF-B660-4388-BE70-FFBEE1EB3036}.Release|Any CPU.ActiveCfg = Release|Any CPU
		{1FD7DBDF-B660-4388-BE70-FFBEE1EB3036}.Release|Any CPU.Build.0 = Release|Any CPU
		{08AA2240-7FA3-4390-A41B-A6767EA293CF}.Debug|Any CPU.ActiveCfg = Debug|Any CPU
		{08AA2240-7FA3-4390-A41B-A6767EA293CF}.Debug|Any CPU.Build.0 = Debug|Any CPU
		{08AA2240-7FA3-4390-A41B-A6767EA293CF}.Release|Any CPU.ActiveCfg = Release|Any CPU
		{08AA2240-7FA3-4390-A41B-A6767EA293CF}.Release|Any CPU.Build.0 = Release|Any CPU
		{1D59782F-6ED8-421E-94B5-2E4CF372FB98}.Debug|Any CPU.ActiveCfg = Debug|Any CPU
		{1D59782F-6ED8-421E-94B5-2E4CF372FB98}.Debug|Any CPU.Build.0 = Debug|Any CPU
		{1D59782F-6ED8-421E-94B5-2E4CF372FB98}.Release|Any CPU.ActiveCfg = Release|Any CPU
		{1D59782F-6ED8-421E-94B5-2E4CF372FB98}.Release|Any CPU.Build.0 = Release|Any CPU
		{5CDEE585-B09B-4392-83AC-35BB8B58602B}.Debug|Any CPU.ActiveCfg = Debug|Any CPU
		{5CDEE585-B09B-4392-83AC-35BB8B58602B}.Debug|Any CPU.Build.0 = Debug|Any CPU
		{5CDEE585-B09B-4392-83AC-35BB8B58602B}.Release|Any CPU.ActiveCfg = Release|Any CPU
		{5CDEE585-B09B-4392-83AC-35BB8B58602B}.Release|Any CPU.Build.0 = Release|Any CPU
		{06948C46-EB62-440B-88B9-D0E51A8C2808}.Debug|Any CPU.ActiveCfg = Debug|Any CPU
		{06948C46-EB62-440B-88B9-D0E51A8C2808}.Debug|Any CPU.Build.0 = Debug|Any CPU
		{06948C46-EB62-440B-88B9-D0E51A8C2808}.Release|Any CPU.ActiveCfg = Release|Any CPU
		{06948C46-EB62-440B-88B9-D0E51A8C2808}.Release|Any CPU.Build.0 = Release|Any CPU
		{0B502FAA-7BE4-4563-AC01-964BC9C1A161}.Debug|Any CPU.ActiveCfg = Debug|Any CPU
		{0B502FAA-7BE4-4563-AC01-964BC9C1A161}.Debug|Any CPU.Build.0 = Debug|Any CPU
		{0B502FAA-7BE4-4563-AC01-964BC9C1A161}.Release|Any CPU.ActiveCfg = Release|Any CPU
		{0B502FAA-7BE4-4563-AC01-964BC9C1A161}.Release|Any CPU.Build.0 = Release|Any CPU
	EndGlobalSection
EndGlobal
